
Microsoft Visual Studio Solution File, Format Version 12.00
# Visual Studio Version 17
VisualStudioVersion = 17.3.32922.545
MinimumVisualStudioVersion = 10.0.40219.1
Project("{FAE04EC0-301F-11D3-BF4B-00C04F79EFBC}") = "CuaHangVangBacDaQuy", "CuaHangVangBacDaQuy\CuaHangVangBacDaQuy.csproj", "{A8B0EFA4-E404-4E25-A312-1D0427191806}"
EndProject
Project("{FAE04EC0-301F-11D3-BF4B-00C04F79EFBC}") = "CuaHangVangBacDaQuyTests", "CuaHangVangBacDaQuyTests\CuaHangVangBacDaQuyTests.csproj", "{7827AAAC-F247-4F7A-A6A8-9F0B0917D7D6}"
EndProject
Global
	GlobalSection(SolutionConfigurationPlatforms) = preSolution
		Debug|Any CPU = Debug|Any CPU
		Release|Any CPU = Release|Any CPU
	EndGlobalSection
	GlobalSection(ProjectConfigurationPlatforms) = postSolution
		{A8B0EFA4-E404-4E25-A312-1D0427191806}.Debug|Any CPU.ActiveCfg = Debug|Any CPU
		{A8B0EFA4-E404-4E25-A312-1D0427191806}.Debug|Any CPU.Build.0 = Debug|Any CPU
		{A8B0EFA4-E404-4E25-A312-1D0427191806}.Release|Any CPU.ActiveCfg = Release|Any CPU
		{A8B0EFA4-E404-4E25-A312-1D0427191806}.Release|Any CPU.Build.0 = Release|Any CPU
		{7827AAAC-F247-4F7A-A6A8-9F0B0917D7D6}.Debug|Any CPU.ActiveCfg = Debug|Any CPU
		{7827AAAC-F247-4F7A-A6A8-9F0B0917D7D6}.Debug|Any CPU.Build.0 = Debug|Any CPU
		{7827AAAC-F247-4F7A-A6A8-9F0B0917D7D6}.Release|Any CPU.ActiveCfg = Release|Any CPU
		{7827AAAC-F247-4F7A-A6A8-9F0B0917D7D6}.Release|Any CPU.Build.0 = Release|Any CPU
	EndGlobalSection
	GlobalSection(SolutionProperties) = preSolution
		HideSolutionNode = FALSE
	EndGlobalSection
	GlobalSection(ExtensibilityGlobals) = postSolution
		SolutionGuid = {F9091ACD-3AAC-4336-90A2-226BBCA03487}
	EndGlobalSection
EndGlobal
